// !$*UTF8*$!
{
	archiveVersion = 1;
	classes = {
	};
	objectVersion = 48;
	objects = {

/* Begin PBXBuildFile section */
		8C79A9A21FD3B17A0060B19F /* bdac.h in Headers */ = {isa = PBXBuildFile; fileRef = 8C79A98E1FD3B17A0060B19F /* bdac.h */; };
		8C79A9A81FD3B17A0060B19F /* rythmchk.h in Headers */ = {isa = PBXBuildFile; fileRef = 8C79A9941FD3B17A0060B19F /* rythmchk.h */; };
		8C79A9AB1FD3B17A0060B19F /* postclas.h in Headers */ = {isa = PBXBuildFile; fileRef = 8C79A9971FD3B17A0060B19F /* postclas.h */; };
		8C79A9AC1FD3B17A0060B19F /* match.h in Headers */ = {isa = PBXBuildFile; fileRef = 8C79A9981FD3B17A0060B19F /* match.h */; };
		8C79A9AF1FD3B17A0060B19F /* qrsdet.h in Headers */ = {isa = PBXBuildFile; fileRef = 8C79A99B1FD3B17A0060B19F /* qrsdet.h */; };
		8C79A9B01FD3B17A0060B19F /* analbeat.h in Headers */ = {isa = PBXBuildFile; fileRef = 8C79A99C1FD3B17A0060B19F /* analbeat.h */; };
		8C79A9B11FD3B17A0060B19F /* inputs.hpp in Headers */ = {isa = PBXBuildFile; fileRef = 8C79A99D1FD3B17A0060B19F /* inputs.hpp */; };
		8C79A9B61FD3BC960060B19F /* qrsfilt.cpp in Sources */ = {isa = PBXBuildFile; fileRef = 8C79A9991FD3B17A0060B19F /* qrsfilt.cpp */; };
		8C79A9B71FD3BCAD0060B19F /* qrsdet.cpp in Sources */ = {isa = PBXBuildFile; fileRef = 8C79A98F1FD3B17A0060B19F /* qrsdet.cpp */; };
		8C79A9B81FD3F48C0060B19F /* postclas.cpp in Sources */ = {isa = PBXBuildFile; fileRef = 8C79A98B1FD3B17A0060B19F /* postclas.cpp */; };
		8C79A9B91FD3F48C0060B19F /* match.cpp in Sources */ = {isa = PBXBuildFile; fileRef = 8C79A98C1FD3B17A0060B19F /* match.cpp */; };
		8C79A9BA1FD3F48C0060B19F /* noisechk.cpp in Sources */ = {isa = PBXBuildFile; fileRef = 8C79A9921FD3B17A0060B19F /* noisechk.cpp */; };
		8C79A9BB1FD3F48C0060B19F /* classify.cpp in Sources */ = {isa = PBXBuildFile; fileRef = 8C79A9931FD3B17A0060B19F /* classify.cpp */; };
		8C79A9BC1FD3F48C0060B19F /* analbeat.cpp in Sources */ = {isa = PBXBuildFile; fileRef = 8C79A9951FD3B17A0060B19F /* analbeat.cpp */; };
		8C79A9BD1FD3F48C0060B19F /* bdac.cpp in Sources */ = {isa = PBXBuildFile; fileRef = 8C79A9961FD3B17A0060B19F /* bdac.cpp */; };
		8C79A9BE1FD3F5270060B19F /* rythmchk.cpp in Sources */ = {isa = PBXBuildFile; fileRef = 8C79A99E1FD3B17A0060B19F /* rythmchk.cpp */; };
		8C79A9C61FD3F83E0060B19F /* main.cpp in Sources */ = {isa = PBXBuildFile; fileRef = 8C79A9C51FD3F83E0060B19F /* main.cpp */; };
		8C79A9CE1FD3F9640060B19F /* easytest.cpp in Sources */ = {isa = PBXBuildFile; fileRef = 8C79A9CB1FD3F9260060B19F /* easytest.cpp */; };
		8CD816FE1FD4016900F1784B /* libXimTu.dylib in Frameworks */ = {isa = PBXBuildFile; fileRef = 8C79A9831FD3B0330060B19F /* libXimTu.dylib */; };
		8CD816FF1FD4027B00F1784B /* libwfdb.10.5.24.dylib in Frameworks */ = {isa = PBXBuildFile; fileRef = 8C79A9B41FD3B7E40060B19F /* libwfdb.10.5.24.dylib */; };
/* End PBXBuildFile section */

/* Begin PBXCopyFilesBuildPhase section */
		8C79A9C11FD3F83E0060B19F /* CopyFiles */ = {
			isa = PBXCopyFilesBuildPhase;
			buildActionMask = 2147483647;
			dstPath = /usr/share/man/man1/;
			dstSubfolderSpec = 0;
			files = (
			);
			runOnlyForDeploymentPostprocessing = 1;
		};
/* End PBXCopyFilesBuildPhase section */

/* Begin PBXFileReference section */
		8C79A9831FD3B0330060B19F /* libXimTu.dylib */ = {isa = PBXFileReference; explicitFileType = "compiled.mach-o.dylib"; includeInIndex = 0; path = libXimTu.dylib; sourceTree = BUILT_PRODUCTS_DIR; };
		8C79A98B1FD3B17A0060B19F /* postclas.cpp */ = {isa = PBXFileReference; fileEncoding = 4; lastKnownFileType = sourcecode.cpp.cpp; path = postclas.cpp; sourceTree = "<group>"; };
		8C79A98C1FD3B17A0060B19F /* match.cpp */ = {isa = PBXFileReference; fileEncoding = 4; lastKnownFileType = sourcecode.cpp.cpp; path = match.cpp; sourceTree = "<group>"; };
		8C79A98E1FD3B17A0060B19F /* bdac.h */ = {isa = PBXFileReference; fileEncoding = 4; lastKnownFileType = sourcecode.c.h; path = bdac.h; sourceTree = "<group>"; };
		8C79A98F1FD3B17A0060B19F /* qrsdet.cpp */ = {isa = PBXFileReference; fileEncoding = 4; lastKnownFileType = sourcecode.cpp.cpp; path = qrsdet.cpp; sourceTree = "<group>"; };
		8C79A9921FD3B17A0060B19F /* noisechk.cpp */ = {isa = PBXFileReference; fileEncoding = 4; lastKnownFileType = sourcecode.cpp.cpp; path = noisechk.cpp; sourceTree = "<group>"; };
		8C79A9931FD3B17A0060B19F /* classify.cpp */ = {isa = PBXFileReference; fileEncoding = 4; lastKnownFileType = sourcecode.cpp.cpp; path = classify.cpp; sourceTree = "<group>"; };
		8C79A9941FD3B17A0060B19F /* rythmchk.h */ = {isa = PBXFileReference; fileEncoding = 4; lastKnownFileType = sourcecode.c.h; path = rythmchk.h; sourceTree = "<group>"; };
		8C79A9951FD3B17A0060B19F /* analbeat.cpp */ = {isa = PBXFileReference; fileEncoding = 4; lastKnownFileType = sourcecode.cpp.cpp; path = analbeat.cpp; sourceTree = "<group>"; };
		8C79A9961FD3B17A0060B19F /* bdac.cpp */ = {isa = PBXFileReference; fileEncoding = 4; lastKnownFileType = sourcecode.cpp.cpp; path = bdac.cpp; sourceTree = "<group>"; };
		8C79A9971FD3B17A0060B19F /* postclas.h */ = {isa = PBXFileReference; fileEncoding = 4; lastKnownFileType = sourcecode.c.h; path = postclas.h; sourceTree = "<group>"; };
		8C79A9981FD3B17A0060B19F /* match.h */ = {isa = PBXFileReference; fileEncoding = 4; lastKnownFileType = sourcecode.c.h; path = match.h; sourceTree = "<group>"; };
		8C79A9991FD3B17A0060B19F /* qrsfilt.cpp */ = {isa = PBXFileReference; fileEncoding = 4; lastKnownFileType = sourcecode.cpp.cpp; path = qrsfilt.cpp; sourceTree = "<group>"; };
		8C79A99A1FD3B17A0060B19F /* qrsdet2.cpp */ = {isa = PBXFileReference; fileEncoding = 4; lastKnownFileType = sourcecode.cpp.cpp; path = qrsdet2.cpp; sourceTree = "<group>"; };
		8C79A99B1FD3B17A0060B19F /* qrsdet.h */ = {isa = PBXFileReference; fileEncoding = 4; lastKnownFileType = sourcecode.c.h; path = qrsdet.h; sourceTree = "<group>"; };
		8C79A99C1FD3B17A0060B19F /* analbeat.h */ = {isa = PBXFileReference; fileEncoding = 4; lastKnownFileType = sourcecode.c.h; path = analbeat.h; sourceTree = "<group>"; };
		8C79A99D1FD3B17A0060B19F /* inputs.hpp */ = {isa = PBXFileReference; fileEncoding = 4; lastKnownFileType = sourcecode.cpp.h; path = inputs.hpp; sourceTree = "<group>"; };
		8C79A99E1FD3B17A0060B19F /* rythmchk.cpp */ = {isa = PBXFileReference; fileEncoding = 4; lastKnownFileType = sourcecode.cpp.cpp; path = rythmchk.cpp; sourceTree = "<group>"; };
		8C79A9B41FD3B7E40060B19F /* libwfdb.10.5.24.dylib */ = {isa = PBXFileReference; lastKnownFileType = "compiled.mach-o.dylib"; name = libwfdb.10.5.24.dylib; path = ../../../../usr/local/lib/libwfdb.10.5.24.dylib; sourceTree = "<group>"; };
		8C79A9C31FD3F83E0060B19F /* appXimTu */ = {isa = PBXFileReference; explicitFileType = "compiled.mach-o.executable"; includeInIndex = 0; path = appXimTu; sourceTree = BUILT_PRODUCTS_DIR; };
		8C79A9C51FD3F83E0060B19F /* main.cpp */ = {isa = PBXFileReference; lastKnownFileType = sourcecode.cpp.cpp; path = main.cpp; sourceTree = "<group>"; };
		8C79A9CB1FD3F9260060B19F /* easytest.cpp */ = {isa = PBXFileReference; fileEncoding = 4; lastKnownFileType = sourcecode.cpp.cpp; name = easytest.cpp; path = appXimTu/easytest.cpp; sourceTree = SOURCE_ROOT; };
/* End PBXFileReference section */

/* Begin PBXFrameworksBuildPhase section */
		8C79A9801FD3B0330060B19F /* Frameworks */ = {
			isa = PBXFrameworksBuildPhase;
			buildActionMask = 2147483647;
			files = (
			);
			runOnlyForDeploymentPostprocessing = 0;
		};
		8C79A9C01FD3F83E0060B19F /* Frameworks */ = {
			isa = PBXFrameworksBuildPhase;
			buildActionMask = 2147483647;
			files = (
				8CD816FF1FD4027B00F1784B /* libwfdb.10.5.24.dylib in Frameworks */,
				8CD816FE1FD4016900F1784B /* libXimTu.dylib in Frameworks */,
			);
			runOnlyForDeploymentPostprocessing = 0;
		};
/* End PBXFrameworksBuildPhase section */

/* Begin PBXGroup section */
		8C79A97A1FD3B0330060B19F = {
			isa = PBXGroup;
			children = (
				8C79A98A1FD3B17A0060B19F /* XimTu */,
				8C79A9C41FD3F83E0060B19F /* appXimTu */,
				8C79A9841FD3B0330060B19F /* Products */,
				8C79A9B31FD3B7E40060B19F /* Frameworks */,
			);
			sourceTree = "<group>";
		};
		8C79A9841FD3B0330060B19F /* Products */ = {
			isa = PBXGroup;
			children = (
				8C79A9831FD3B0330060B19F /* libXimTu.dylib */,
				8C79A9C31FD3F83E0060B19F /* appXimTu */,
			);
			name = Products;
			sourceTree = "<group>";
		};
		8C79A98A1FD3B17A0060B19F /* XimTu */ = {
			isa = PBXGroup;
			children = (
				8C79A98B1FD3B17A0060B19F /* postclas.cpp */,
				8C79A98C1FD3B17A0060B19F /* match.cpp */,
				8C79A98E1FD3B17A0060B19F /* bdac.h */,
				8C79A98F1FD3B17A0060B19F /* qrsdet.cpp */,
				8C79A9921FD3B17A0060B19F /* noisechk.cpp */,
				8C79A9931FD3B17A0060B19F /* classify.cpp */,
				8C79A9941FD3B17A0060B19F /* rythmchk.h */,
				8C79A9951FD3B17A0060B19F /* analbeat.cpp */,
				8C79A9961FD3B17A0060B19F /* bdac.cpp */,
				8C79A9971FD3B17A0060B19F /* postclas.h */,
				8C79A9981FD3B17A0060B19F /* match.h */,
				8C79A9991FD3B17A0060B19F /* qrsfilt.cpp */,
				8C79A99A1FD3B17A0060B19F /* qrsdet2.cpp */,
				8C79A99B1FD3B17A0060B19F /* qrsdet.h */,
				8C79A99C1FD3B17A0060B19F /* analbeat.h */,
				8C79A99D1FD3B17A0060B19F /* inputs.hpp */,
				8C79A99E1FD3B17A0060B19F /* rythmchk.cpp */,
			);
			path = XimTu;
			sourceTree = "<group>";
		};
		8C79A9B31FD3B7E40060B19F /* Frameworks */ = {
			isa = PBXGroup;
			children = (
				8C79A9B41FD3B7E40060B19F /* libwfdb.10.5.24.dylib */,
			);
			name = Frameworks;
			sourceTree = "<group>";
		};
		8C79A9C41FD3F83E0060B19F /* appXimTu */ = {
			isa = PBXGroup;
			children = (
				8C79A9CB1FD3F9260060B19F /* easytest.cpp */,
				8C79A9C51FD3F83E0060B19F /* main.cpp */,
			);
			path = appXimTu;
			sourceTree = "<group>";
		};
/* End PBXGroup section */

/* Begin PBXHeadersBuildPhase section */
		8C79A9811FD3B0330060B19F /* Headers */ = {
			isa = PBXHeadersBuildPhase;
			buildActionMask = 2147483647;
			files = (
				8C79A9A81FD3B17A0060B19F /* rythmchk.h in Headers */,
				8C79A9A21FD3B17A0060B19F /* bdac.h in Headers */,
				8C79A9AC1FD3B17A0060B19F /* match.h in Headers */,
				8C79A9AB1FD3B17A0060B19F /* postclas.h in Headers */,
				8C79A9B01FD3B17A0060B19F /* analbeat.h in Headers */,
				8C79A9AF1FD3B17A0060B19F /* qrsdet.h in Headers */,
				8C79A9B11FD3B17A0060B19F /* inputs.hpp in Headers */,
			);
			runOnlyForDeploymentPostprocessing = 0;
		};
/* End PBXHeadersBuildPhase section */

/* Begin PBXNativeTarget section */
		8C79A9821FD3B0330060B19F /* XimTu */ = {
			isa = PBXNativeTarget;
			buildConfigurationList = 8C79A9871FD3B0330060B19F /* Build configuration list for PBXNativeTarget "XimTu" */;
			buildPhases = (
				8C79A97F1FD3B0330060B19F /* Sources */,
				8C79A9801FD3B0330060B19F /* Frameworks */,
				8C79A9811FD3B0330060B19F /* Headers */,
			);
			buildRules = (
			);
			dependencies = (
			);
			name = XimTu;
			productName = XimTu;
			productReference = 8C79A9831FD3B0330060B19F /* libXimTu.dylib */;
			productType = "com.apple.product-type.library.dynamic";
		};
		8C79A9C21FD3F83E0060B19F /* appXimTu */ = {
			isa = PBXNativeTarget;
			buildConfigurationList = 8C79A9C71FD3F83E0060B19F /* Build configuration list for PBXNativeTarget "appXimTu" */;
			buildPhases = (
				8C79A9BF1FD3F83E0060B19F /* Sources */,
				8C79A9C01FD3F83E0060B19F /* Frameworks */,
				8C79A9C11FD3F83E0060B19F /* CopyFiles */,
			);
			buildRules = (
			);
			dependencies = (
			);
			name = appXimTu;
			productName = appXimTu;
			productReference = 8C79A9C31FD3F83E0060B19F /* appXimTu */;
			productType = "com.apple.product-type.tool";
		};
/* End PBXNativeTarget section */

/* Begin PBXProject section */
		8C79A97B1FD3B0330060B19F /* Project object */ = {
			isa = PBXProject;
			attributes = {
				LastUpgradeCheck = 0910;
				ORGANIZATIONNAME = "___ZHONGSIFEN___";
				TargetAttributes = {
					8C79A9821FD3B0330060B19F = {
						CreatedOnToolsVersion = 9.1;
						ProvisioningStyle = Automatic;
					};
					8C79A9C21FD3F83E0060B19F = {
						CreatedOnToolsVersion = 9.1;
						ProvisioningStyle = Automatic;
					};
				};
			};
			buildConfigurationList = 8C79A97E1FD3B0330060B19F /* Build configuration list for PBXProject "XimTu" */;
			compatibilityVersion = "Xcode 8.0";
			developmentRegion = en;
			hasScannedForEncodings = 0;
			knownRegions = (
				en,
			);
			mainGroup = 8C79A97A1FD3B0330060B19F;
			productRefGroup = 8C79A9841FD3B0330060B19F /* Products */;
			projectDirPath = "";
			projectRoot = "";
			targets = (
				8C79A9821FD3B0330060B19F /* XimTu */,
				8C79A9C21FD3F83E0060B19F /* appXimTu */,
			);
		};
/* End PBXProject section */

/* Begin PBXSourcesBuildPhase section */
		8C79A97F1FD3B0330060B19F /* Sources */ = {
			isa = PBXSourcesBuildPhase;
			buildActionMask = 2147483647;
			files = (
				8C79A9BE1FD3F5270060B19F /* rythmchk.cpp in Sources */,
				8C79A9B81FD3F48C0060B19F /* postclas.cpp in Sources */,
				8C79A9B91FD3F48C0060B19F /* match.cpp in Sources */,
				8C79A9BA1FD3F48C0060B19F /* noisechk.cpp in Sources */,
				8C79A9BB1FD3F48C0060B19F /* classify.cpp in Sources */,
				8C79A9BC1FD3F48C0060B19F /* analbeat.cpp in Sources */,
				8C79A9BD1FD3F48C0060B19F /* bdac.cpp in Sources */,
				8C79A9B71FD3BCAD0060B19F /* qrsdet.cpp in Sources */,
				8C79A9B61FD3BC960060B19F /* qrsfilt.cpp in Sources */,
			);
			runOnlyForDeploymentPostprocessing = 0;
		};
		8C79A9BF1FD3F83E0060B19F /* Sources */ = {
			isa = PBXSourcesBuildPhase;
			buildActionMask = 2147483647;
			files = (
				8C79A9C61FD3F83E0060B19F /* main.cpp in Sources */,
				8C79A9CE1FD3F9640060B19F /* easytest.cpp in Sources */,
			);
			runOnlyForDeploymentPostprocessing = 0;
		};
/* End PBXSourcesBuildPhase section */

/* Begin XCBuildConfiguration section */
		8C79A9851FD3B0330060B19F /* Debug */ = {
			isa = XCBuildConfiguration;
			buildSettings = {
				ALWAYS_SEARCH_USER_PATHS = NO;
				CLANG_ANALYZER_NONNULL = YES;
				CLANG_ANALYZER_NUMBER_OBJECT_CONVERSION = YES_AGGRESSIVE;
				CLANG_CXX_LANGUAGE_STANDARD = "gnu++14";
				CLANG_CXX_LIBRARY = "libc++";
				CLANG_ENABLE_MODULES = YES;
				CLANG_ENABLE_OBJC_ARC = YES;
				CLANG_WARN_BLOCK_CAPTURE_AUTORELEASING = YES;
				CLANG_WARN_BOOL_CONVERSION = YES;
				CLANG_WARN_COMMA = YES;
				CLANG_WARN_CONSTANT_CONVERSION = YES;
				CLANG_WARN_DIRECT_OBJC_ISA_USAGE = YES_ERROR;
				CLANG_WARN_DOCUMENTATION_COMMENTS = YES;
				CLANG_WARN_EMPTY_BODY = YES;
				CLANG_WARN_ENUM_CONVERSION = YES;
				CLANG_WARN_INFINITE_RECURSION = YES;
				CLANG_WARN_INT_CONVERSION = YES;
				CLANG_WARN_NON_LITERAL_NULL_CONVERSION = YES;
				CLANG_WARN_OBJC_LITERAL_CONVERSION = YES;
				CLANG_WARN_OBJC_ROOT_CLASS = YES_ERROR;
				CLANG_WARN_RANGE_LOOP_ANALYSIS = YES;
				CLANG_WARN_STRICT_PROTOTYPES = YES;
				CLANG_WARN_SUSPICIOUS_MOVE = YES;
				CLANG_WARN_UNGUARDED_AVAILABILITY = YES_AGGRESSIVE;
				CLANG_WARN_UNREACHABLE_CODE = YES;
				CLANG_WARN__DUPLICATE_METHOD_MATCH = YES;
				CODE_SIGN_IDENTITY = "-";
				COPY_PHASE_STRIP = NO;
				DEBUG_INFORMATION_FORMAT = dwarf;
				ENABLE_STRICT_OBJC_MSGSEND = YES;
				ENABLE_TESTABILITY = YES;
				GCC_C_LANGUAGE_STANDARD = gnu11;
				GCC_DYNAMIC_NO_PIC = NO;
				GCC_NO_COMMON_BLOCKS = YES;
				GCC_OPTIMIZATION_LEVEL = 0;
				GCC_PREPROCESSOR_DEFINITIONS = (
					"DEBUG=1",
					"$(inherited)",
				);
				GCC_WARN_64_TO_32_BIT_CONVERSION = YES;
				GCC_WARN_ABOUT_RETURN_TYPE = YES_ERROR;
				GCC_WARN_UNDECLARED_SELECTOR = YES;
				GCC_WARN_UNINITIALIZED_AUTOS = YES_AGGRESSIVE;
				GCC_WARN_UNUSED_FUNCTION = YES;
				GCC_WARN_UNUSED_VARIABLE = YES;
				HEADER_SEARCH_PATHS = /usr/local/include;
				LIBRARY_SEARCH_PATHS = /usr/local/lib;
				MACOSX_DEPLOYMENT_TARGET = 10.13;
				MTL_ENABLE_DEBUG_INFO = YES;
				ONLY_ACTIVE_ARCH = YES;
				SDKROOT = macosx;
			};
			name = Debug;
		};
		8C79A9861FD3B0330060B19F /* Release */ = {
			isa = XCBuildConfiguration;
			buildSettings = {
				ALWAYS_SEARCH_USER_PATHS = NO;
				CLANG_ANALYZER_NONNULL = YES;
				CLANG_ANALYZER_NUMBER_OBJECT_CONVERSION = YES_AGGRESSIVE;
				CLANG_CXX_LANGUAGE_STANDARD = "gnu++14";
				CLANG_CXX_LIBRARY = "libc++";
				CLANG_ENABLE_MODULES = YES;
				CLANG_ENABLE_OBJC_ARC = YES;
				CLANG_WARN_BLOCK_CAPTURE_AUTORELEASING = YES;
				CLANG_WARN_BOOL_CONVERSION = YES;
				CLANG_WARN_COMMA = YES;
				CLANG_WARN_CONSTANT_CONVERSION = YES;
				CLANG_WARN_DIRECT_OBJC_ISA_USAGE = YES_ERROR;
				CLANG_WARN_DOCUMENTATION_COMMENTS = YES;
				CLANG_WARN_EMPTY_BODY = YES;
				CLANG_WARN_ENUM_CONVERSION = YES;
				CLANG_WARN_INFINITE_RECURSION = YES;
				CLANG_WARN_INT_CONVERSION = YES;
				CLANG_WARN_NON_LITERAL_NULL_CONVERSION = YES;
				CLANG_WARN_OBJC_LITERAL_CONVERSION = YES;
				CLANG_WARN_OBJC_ROOT_CLASS = YES_ERROR;
				CLANG_WARN_RANGE_LOOP_ANALYSIS = YES;
				CLANG_WARN_STRICT_PROTOTYPES = YES;
				CLANG_WARN_SUSPICIOUS_MOVE = YES;
				CLANG_WARN_UNGUARDED_AVAILABILITY = YES_AGGRESSIVE;
				CLANG_WARN_UNREACHABLE_CODE = YES;
				CLANG_WARN__DUPLICATE_METHOD_MATCH = YES;
				CODE_SIGN_IDENTITY = "-";
				COPY_PHASE_STRIP = NO;
				DEBUG_INFORMATION_FORMAT = "dwarf-with-dsym";
				ENABLE_NS_ASSERTIONS = NO;
				ENABLE_STRICT_OBJC_MSGSEND = YES;
				GCC_C_LANGUAGE_STANDARD = gnu11;
				GCC_NO_COMMON_BLOCKS = YES;
				GCC_WARN_64_TO_32_BIT_CONVERSION = YES;
				GCC_WARN_ABOUT_RETURN_TYPE = YES_ERROR;
				GCC_WARN_UNDECLARED_SELECTOR = YES;
				GCC_WARN_UNINITIALIZED_AUTOS = YES_AGGRESSIVE;
				GCC_WARN_UNUSED_FUNCTION = YES;
				GCC_WARN_UNUSED_VARIABLE = YES;
				HEADER_SEARCH_PATHS = /usr/local/include;
				LIBRARY_SEARCH_PATHS = /usr/local/lib;
				MACOSX_DEPLOYMENT_TARGET = 10.13;
				MTL_ENABLE_DEBUG_INFO = NO;
				SDKROOT = macosx;
			};
			name = Release;
		};
		8C79A9881FD3B0330060B19F /* Debug */ = {
			isa = XCBuildConfiguration;
			buildSettings = {
				CODE_SIGN_STYLE = Automatic;
				DYLIB_COMPATIBILITY_VERSION = 1;
				DYLIB_CURRENT_VERSION = 1;
				EXECUTABLE_PREFIX = lib;
				HEADER_SEARCH_PATHS = /usr/local/include;
				LIBRARY_SEARCH_PATHS = /usr/local/lib;
				PRODUCT_NAME = "$(TARGET_NAME)";
			};
			name = Debug;
		};
		8C79A9891FD3B0330060B19F /* Release */ = {
			isa = XCBuildConfiguration;
			buildSettings = {
				CODE_SIGN_STYLE = Automatic;
				DYLIB_COMPATIBILITY_VERSION = 1;
				DYLIB_CURRENT_VERSION = 1;
				EXECUTABLE_PREFIX = lib;
				HEADER_SEARCH_PATHS = /usr/local/include;
				LIBRARY_SEARCH_PATHS = /usr/local/lib;
				PRODUCT_NAME = "$(TARGET_NAME)";
			};
			name = Release;
		};
		8C79A9C81FD3F83E0060B19F /* Debug */ = {
			isa = XCBuildConfiguration;
			buildSettings = {
				CODE_SIGN_STYLE = Automatic;
				PRODUCT_NAME = "$(TARGET_NAME)";
			};
			name = Debug;
		};
		8C79A9C91FD3F83E0060B19F /* Release */ = {
			isa = XCBuildConfiguration;
			buildSettings = {
				CODE_SIGN_STYLE = Automatic;
				PRODUCT_NAME = "$(TARGET_NAME)";
			};
			name = Release;
		};
/* End XCBuildConfiguration section */

/* Begin XCConfigurationList section */
		8C79A97E1FD3B0330060B19F /* Build configuration list for PBXProject "XimTu" */ = {
			isa = XCConfigurationList;
			buildConfigurations = (
				8C79A9851FD3B0330060B19F /* Debug */,
				8C79A9861FD3B0330060B19F /* Release */,
			);
			defaultConfigurationIsVisible = 0;
			defaultConfigurationName = Release;
		};
		8C79A9871FD3B0330060B19F /* Build configuration list for PBXNativeTarget "XimTu" */ = {
			isa = XCConfigurationList;
			buildConfigurations = (
				8C79A9881FD3B0330060B19F /* Debug */,
				8C79A9891FD3B0330060B19F /* Release */,
			);
			defaultConfigurationIsVisible = 0;
			defaultConfigurationName = Release;
		};
		8C79A9C71FD3F83E0060B19F /* Build configuration list for PBXNativeTarget "appXimTu" */ = {
			isa = XCConfigurationList;
			buildConfigurations = (
				8C79A9C81FD3F83E0060B19F /* Debug */,
				8C79A9C91FD3F83E0060B19F /* Release */,
			);
			defaultConfigurationIsVisible = 0;
			defaultConfigurationName = Release;
		};
/* End XCConfigurationList section */
	};
	rootObject = 8C79A97B1FD3B0330060B19F /* Project object */;
}
